
Microsoft Visual Studio Solution File, Format Version 12.00
# Visual Studio Version 17
VisualStudioVersion = 17.10.35013.160
MinimumVisualStudioVersion = 10.0.40219.1
Project("{FAE04EC0-301F-11D3-BF4B-00C04F79EFBC}") = "Biblioteca", "Biblioteca\Biblioteca.csproj", "{6A16C5E0-A138-4E54-972F-C911FEA26139}"
EndProject
Global
	GlobalSection(SolutionConfigurationPlatforms) = preSolution
		Debug|Any CPU = Debug|Any CPU
		Release|Any CPU = Release|Any CPU
	EndGlobalSection
	GlobalSection(ProjectConfigurationPlatforms) = postSolution
		{6A16C5E0-A138-4E54-972F-C911FEA26139}.Debug|Any CPU.ActiveCfg = Debug|Any CPU
		{6A16C5E0-A138-4E54-972F-C911FEA26139}.Debug|Any CPU.Build.0 = Debug|Any CPU
		{6A16C5E0-A138-4E54-972F-C911FEA26139}.Release|Any CPU.ActiveCfg = Release|Any CPU
		{6A16C5E0-A138-4E54-972F-C911FEA26139}.Release|Any CPU.Build.0 = Release|Any CPU
	EndGlobalSection
	GlobalSection(SolutionProperties) = preSolution
		HideSolutionNode = FALSE
	EndGlobalSection
	GlobalSection(ExtensibilityGlobals) = postSolution
		SolutionGuid = {CD7BFDB0-630F-4DD5-BFA8-24A3CCD68555}
	EndGlobalSection
EndGlobal
